// !$*UTF8*$!
{
	archiveVersion = 1;
	classes = {
	};
	objectVersion = 50;
	objects = {

/* Begin PBXBuildFile section */
		7C82B0A643572A36097542DD /* Pods_OmaniRecipeV1_1.framework in Frameworks */ = {isa = PBXBuildFile; fileRef = 8E40CDF356E79175B21F35B6 /* Pods_OmaniRecipeV1_1.framework */; };
		9DC686FD21CA2B1F003434AC /* RootViewController.swift in Sources */ = {isa = PBXBuildFile; fileRef = 9DC686F821CA2B1F003434AC /* RootViewController.swift */; };
		9DC686FE21CA2B1F003434AC /* LeftMenuViewController.swift in Sources */ = {isa = PBXBuildFile; fileRef = 9DC686F921CA2B1F003434AC /* LeftMenuViewController.swift */; };
		9DC6870021CA2B1F003434AC /* HomeViewController.swift in Sources */ = {isa = PBXBuildFile; fileRef = 9DC686FB21CA2B1F003434AC /* HomeViewController.swift */; };
		9DC6870121CA2B1F003434AC /* SecondViewController.swift in Sources */ = {isa = PBXBuildFile; fileRef = 9DC686FC21CA2B1F003434AC /* SecondViewController.swift */; };
		9DEEF84A21C63E7200BDA720 /* AppDelegate.swift in Sources */ = {isa = PBXBuildFile; fileRef = 9DEEF84921C63E7200BDA720 /* AppDelegate.swift */; };
		9DEEF84C21C63E7200BDA720 /* SignInViewController.swift in Sources */ = {isa = PBXBuildFile; fileRef = 9DEEF84B21C63E7200BDA720 /* SignInViewController.swift */; };
		9DEEF84F21C63E7200BDA720 /* Main.storyboard in Resources */ = {isa = PBXBuildFile; fileRef = 9DEEF84D21C63E7200BDA720 /* Main.storyboard */; };
		9DEEF85121C63E7600BDA720 /* Assets.xcassets in Resources */ = {isa = PBXBuildFile; fileRef = 9DEEF85021C63E7600BDA720 /* Assets.xcassets */; };
		9DEEF85421C63E7600BDA720 /* LaunchScreen.storyboard in Resources */ = {isa = PBXBuildFile; fileRef = 9DEEF85221C63E7600BDA720 /* LaunchScreen.storyboard */; };
		9DEEF85D21C6571B00BDA720 /* DesignableTextField.swift in Sources */ = {isa = PBXBuildFile; fileRef = 9DEEF85C21C6571B00BDA720 /* DesignableTextField.swift */; };
		9DEEF85F21C667C500BDA720 /* DesignableButton.swift in Sources */ = {isa = PBXBuildFile; fileRef = 9DEEF85E21C667C500BDA720 /* DesignableButton.swift */; };
		9DEEF87F21C679AE00BDA720 /* SignUpViewController.swift in Sources */ = {isa = PBXBuildFile; fileRef = 9DEEF87E21C679AE00BDA720 /* SignUpViewController.swift */; };
		9DEEF88321C67D7400BDA720 /* UserClass.swift in Sources */ = {isa = PBXBuildFile; fileRef = 9DEEF88221C67D7400BDA720 /* UserClass.swift */; };
		9DEEF88521C680AD00BDA720 /* GoogleService-Info.plist in Resources */ = {isa = PBXBuildFile; fileRef = 9DEEF88421C680AD00BDA720 /* GoogleService-Info.plist */; };
		B915AC7321D0BDD000ED1035 /* AddStepTableViewCell.swift in Sources */ = {isa = PBXBuildFile; fileRef = B915AC7021D0BDCF00ED1035 /* AddStepTableViewCell.swift */; };
		B915AC7421D0BDD000ED1035 /* AddIngredientTableViewCell.swift in Sources */ = {isa = PBXBuildFile; fileRef = B915AC7121D0BDCF00ED1035 /* AddIngredientTableViewCell.swift */; };
		B915AC7721D0DF9200ED1035 /* RecipeProfile.swift in Sources */ = {isa = PBXBuildFile; fileRef = B915AC7621D0DF9200ED1035 /* RecipeProfile.swift */; };
		B915AC7921D0E6BB00ED1035 /* RecipeClipperViewController.swift in Sources */ = {isa = PBXBuildFile; fileRef = B915AC7821D0E6BA00ED1035 /* RecipeClipperViewController.swift */; };
		B915AC7B21D21E2E00ED1035 /* AddRecipeViewController.swift in Sources */ = {isa = PBXBuildFile; fileRef = B915AC7A21D21E2E00ED1035 /* AddRecipeViewController.swift */; };
		B915AC7D21D21EEC00ED1035 /* AddIngredientsViewController.swift in Sources */ = {isa = PBXBuildFile; fileRef = B915AC7C21D21EEC00ED1035 /* AddIngredientsViewController.swift */; };
		B915AC7F21D21EFC00ED1035 /* AddStepsViewController.swift in Sources */ = {isa = PBXBuildFile; fileRef = B915AC7E21D21EFC00ED1035 /* AddStepsViewController.swift */; };
		B915AC8121D2A8E500ED1035 /* DesignableTextView.swift in Sources */ = {isa = PBXBuildFile; fileRef = B915AC8021D2A8E500ED1035 /* DesignableTextView.swift */; };
		B915AC8321D2B1CE00ED1035 /* ShowRecipeDetailsViewController.swift in Sources */ = {isa = PBXBuildFile; fileRef = B915AC8221D2B1CE00ED1035 /* ShowRecipeDetailsViewController.swift */; };
		B915AC8F21D37FFC00ED1035 /* IngredientCell.swift in Sources */ = {isa = PBXBuildFile; fileRef = B915AC8521D37FFB00ED1035 /* IngredientCell.swift */; };
		B915AC9021D37FFC00ED1035 /* ProfileViewModel.swift in Sources */ = {isa = PBXBuildFile; fileRef = B915AC8621D37FFB00ED1035 /* ProfileViewModel.swift */; };
		B915AC9121D37FFC00ED1035 /* AboutCell.xib in Resources */ = {isa = PBXBuildFile; fileRef = B915AC8721D37FFB00ED1035 /* AboutCell.xib */; };
		B915AC9221D37FFC00ED1035 /* NamePictureCell.xib in Resources */ = {isa = PBXBuildFile; fileRef = B915AC8821D37FFB00ED1035 /* NamePictureCell.xib */; };
		B915AC9321D37FFC00ED1035 /* StepCell.xib in Resources */ = {isa = PBXBuildFile; fileRef = B915AC8921D37FFB00ED1035 /* StepCell.xib */; };
		B915AC9421D37FFC00ED1035 /* NamePictureCell.swift in Sources */ = {isa = PBXBuildFile; fileRef = B915AC8A21D37FFB00ED1035 /* NamePictureCell.swift */; };
		B915AC9521D37FFC00ED1035 /* IngredientCell.xib in Resources */ = {isa = PBXBuildFile; fileRef = B915AC8B21D37FFC00ED1035 /* IngredientCell.xib */; };
		B915AC9621D37FFC00ED1035 /* AboutCell.swift in Sources */ = {isa = PBXBuildFile; fileRef = B915AC8C21D37FFC00ED1035 /* AboutCell.swift */; };
		B915AC9721D37FFC00ED1035 /* ProfileModel.swift in Sources */ = {isa = PBXBuildFile; fileRef = B915AC8D21D37FFC00ED1035 /* ProfileModel.swift */; };
		B915AC9821D37FFC00ED1035 /* StepCell.swift in Sources */ = {isa = PBXBuildFile; fileRef = B915AC8E21D37FFC00ED1035 /* StepCell.swift */; };
		B915AC9A21D4A95900ED1035 /* DesignableLabel.swift in Sources */ = {isa = PBXBuildFile; fileRef = B915AC9921D4A95900ED1035 /* DesignableLabel.swift */; };
		B915ACA721D4CA2400ED1035 /* ParchmentHomePageViewController.swift in Sources */ = {isa = PBXBuildFile; fileRef = B915ACA021D4CA2400ED1035 /* ParchmentHomePageViewController.swift */; };
		B915ACA821D4CA2400ED1035 /* UIView+constraints.swift in Sources */ = {isa = PBXBuildFile; fileRef = B915ACA121D4CA2400ED1035 /* UIView+constraints.swift */; };
		B915ACA921D4CA2400ED1035 /* ImageCollectionViewCell.swift in Sources */ = {isa = PBXBuildFile; fileRef = B915ACA221D4CA2400ED1035 /* ImageCollectionViewCell.swift */; };
		B915ACAA21D4CA2400ED1035 /* ImagesViewController.swift in Sources */ = {isa = PBXBuildFile; fileRef = B915ACA321D4CA2400ED1035 /* ImagesViewController.swift */; };
		B915ACAB21D4CA2400ED1035 /* ImageCollectionViewCell.xib in Resources */ = {isa = PBXBuildFile; fileRef = B915ACA421D4CA2400ED1035 /* ImageCollectionViewCell.xib */; };
		B915ACAD21D4CA2400ED1035 /* ImagePagingCell.swift in Sources */ = {isa = PBXBuildFile; fileRef = B915ACA621D4CA2400ED1035 /* ImagePagingCell.swift */; };
/* End PBXBuildFile section */

/* Begin PBXFileReference section */
		612C264FAA73960A1CF6978F /* Pods-OmaniRecipeV1.1.debug.xcconfig */ = {isa = PBXFileReference; includeInIndex = 1; lastKnownFileType = text.xcconfig; name = "Pods-OmaniRecipeV1.1.debug.xcconfig"; path = "Pods/Target Support Files/Pods-OmaniRecipeV1.1/Pods-OmaniRecipeV1.1.debug.xcconfig"; sourceTree = "<group>"; };
		8E40CDF356E79175B21F35B6 /* Pods_OmaniRecipeV1_1.framework */ = {isa = PBXFileReference; explicitFileType = wrapper.framework; includeInIndex = 0; path = Pods_OmaniRecipeV1_1.framework; sourceTree = BUILT_PRODUCTS_DIR; };
		9DC686F821CA2B1F003434AC /* RootViewController.swift */ = {isa = PBXFileReference; fileEncoding = 4; lastKnownFileType = sourcecode.swift; path = RootViewController.swift; sourceTree = "<group>"; };
		9DC686F921CA2B1F003434AC /* LeftMenuViewController.swift */ = {isa = PBXFileReference; fileEncoding = 4; lastKnownFileType = sourcecode.swift; path = LeftMenuViewController.swift; sourceTree = "<group>"; };
		9DC686FB21CA2B1F003434AC /* HomeViewController.swift */ = {isa = PBXFileReference; fileEncoding = 4; lastKnownFileType = sourcecode.swift; path = HomeViewController.swift; sourceTree = "<group>"; };
		9DC686FC21CA2B1F003434AC /* SecondViewController.swift */ = {isa = PBXFileReference; fileEncoding = 4; lastKnownFileType = sourcecode.swift; path = SecondViewController.swift; sourceTree = "<group>"; };
		9DEEF84621C63E7200BDA720 /* OmaniRecipeV1.1.app */ = {isa = PBXFileReference; explicitFileType = wrapper.application; includeInIndex = 0; path = OmaniRecipeV1.1.app; sourceTree = BUILT_PRODUCTS_DIR; };
		9DEEF84921C63E7200BDA720 /* AppDelegate.swift */ = {isa = PBXFileReference; lastKnownFileType = sourcecode.swift; path = AppDelegate.swift; sourceTree = "<group>"; };
		9DEEF84B21C63E7200BDA720 /* SignInViewController.swift */ = {isa = PBXFileReference; lastKnownFileType = sourcecode.swift; path = SignInViewController.swift; sourceTree = "<group>"; };
		9DEEF84E21C63E7200BDA720 /* Base */ = {isa = PBXFileReference; lastKnownFileType = file.storyboard; name = Base; path = Base.lproj/Main.storyboard; sourceTree = "<group>"; };
		9DEEF85021C63E7600BDA720 /* Assets.xcassets */ = {isa = PBXFileReference; lastKnownFileType = folder.assetcatalog; path = Assets.xcassets; sourceTree = "<group>"; };
		9DEEF85321C63E7600BDA720 /* Base */ = {isa = PBXFileReference; lastKnownFileType = file.storyboard; name = Base; path = Base.lproj/LaunchScreen.storyboard; sourceTree = "<group>"; };
		9DEEF85521C63E7600BDA720 /* Info.plist */ = {isa = PBXFileReference; lastKnownFileType = text.plist.xml; path = Info.plist; sourceTree = "<group>"; };
		9DEEF85C21C6571B00BDA720 /* DesignableTextField.swift */ = {isa = PBXFileReference; fileEncoding = 4; lastKnownFileType = sourcecode.swift; path = DesignableTextField.swift; sourceTree = "<group>"; };
		9DEEF85E21C667C500BDA720 /* DesignableButton.swift */ = {isa = PBXFileReference; lastKnownFileType = sourcecode.swift; path = DesignableButton.swift; sourceTree = "<group>"; };
		9DEEF87E21C679AE00BDA720 /* SignUpViewController.swift */ = {isa = PBXFileReference; fileEncoding = 4; lastKnownFileType = sourcecode.swift; path = SignUpViewController.swift; sourceTree = "<group>"; };
		9DEEF88221C67D7400BDA720 /* UserClass.swift */ = {isa = PBXFileReference; fileEncoding = 4; lastKnownFileType = sourcecode.swift; path = UserClass.swift; sourceTree = "<group>"; };
		9DEEF88421C680AD00BDA720 /* GoogleService-Info.plist */ = {isa = PBXFileReference; fileEncoding = 4; lastKnownFileType = text.plist.xml; path = "GoogleService-Info.plist"; sourceTree = "<group>"; };
		B915AC7021D0BDCF00ED1035 /* AddStepTableViewCell.swift */ = {isa = PBXFileReference; fileEncoding = 4; lastKnownFileType = sourcecode.swift; path = AddStepTableViewCell.swift; sourceTree = "<group>"; };
		B915AC7121D0BDCF00ED1035 /* AddIngredientTableViewCell.swift */ = {isa = PBXFileReference; fileEncoding = 4; lastKnownFileType = sourcecode.swift; path = AddIngredientTableViewCell.swift; sourceTree = "<group>"; };
		B915AC7621D0DF9200ED1035 /* RecipeProfile.swift */ = {isa = PBXFileReference; lastKnownFileType = sourcecode.swift; path = RecipeProfile.swift; sourceTree = "<group>"; };
		B915AC7821D0E6BA00ED1035 /* RecipeClipperViewController.swift */ = {isa = PBXFileReference; fileEncoding = 4; lastKnownFileType = sourcecode.swift; path = RecipeClipperViewController.swift; sourceTree = "<group>"; };
		B915AC7A21D21E2E00ED1035 /* AddRecipeViewController.swift */ = {isa = PBXFileReference; lastKnownFileType = sourcecode.swift; path = AddRecipeViewController.swift; sourceTree = "<group>"; };
		B915AC7C21D21EEC00ED1035 /* AddIngredientsViewController.swift */ = {isa = PBXFileReference; lastKnownFileType = sourcecode.swift; path = AddIngredientsViewController.swift; sourceTree = "<group>"; };
		B915AC7E21D21EFC00ED1035 /* AddStepsViewController.swift */ = {isa = PBXFileReference; lastKnownFileType = sourcecode.swift; path = AddStepsViewController.swift; sourceTree = "<group>"; };
		B915AC8021D2A8E500ED1035 /* DesignableTextView.swift */ = {isa = PBXFileReference; lastKnownFileType = sourcecode.swift; path = DesignableTextView.swift; sourceTree = "<group>"; };
		B915AC8221D2B1CE00ED1035 /* ShowRecipeDetailsViewController.swift */ = {isa = PBXFileReference; lastKnownFileType = sourcecode.swift; path = ShowRecipeDetailsViewController.swift; sourceTree = "<group>"; };
		B915AC8521D37FFB00ED1035 /* IngredientCell.swift */ = {isa = PBXFileReference; fileEncoding = 4; lastKnownFileType = sourcecode.swift; path = IngredientCell.swift; sourceTree = "<group>"; };
		B915AC8621D37FFB00ED1035 /* ProfileViewModel.swift */ = {isa = PBXFileReference; fileEncoding = 4; lastKnownFileType = sourcecode.swift; path = ProfileViewModel.swift; sourceTree = "<group>"; };
		B915AC8721D37FFB00ED1035 /* AboutCell.xib */ = {isa = PBXFileReference; fileEncoding = 4; lastKnownFileType = file.xib; path = AboutCell.xib; sourceTree = "<group>"; };
		B915AC8821D37FFB00ED1035 /* NamePictureCell.xib */ = {isa = PBXFileReference; fileEncoding = 4; lastKnownFileType = file.xib; path = NamePictureCell.xib; sourceTree = "<group>"; };
		B915AC8921D37FFB00ED1035 /* StepCell.xib */ = {isa = PBXFileReference; fileEncoding = 4; lastKnownFileType = file.xib; path = StepCell.xib; sourceTree = "<group>"; };
		B915AC8A21D37FFB00ED1035 /* NamePictureCell.swift */ = {isa = PBXFileReference; fileEncoding = 4; lastKnownFileType = sourcecode.swift; path = NamePictureCell.swift; sourceTree = "<group>"; };
		B915AC8B21D37FFC00ED1035 /* IngredientCell.xib */ = {isa = PBXFileReference; fileEncoding = 4; lastKnownFileType = file.xib; path = IngredientCell.xib; sourceTree = "<group>"; };
		B915AC8C21D37FFC00ED1035 /* AboutCell.swift */ = {isa = PBXFileReference; fileEncoding = 4; lastKnownFileType = sourcecode.swift; path = AboutCell.swift; sourceTree = "<group>"; };
		B915AC8D21D37FFC00ED1035 /* ProfileModel.swift */ = {isa = PBXFileReference; fileEncoding = 4; lastKnownFileType = sourcecode.swift; path = ProfileModel.swift; sourceTree = "<group>"; };
		B915AC8E21D37FFC00ED1035 /* StepCell.swift */ = {isa = PBXFileReference; fileEncoding = 4; lastKnownFileType = sourcecode.swift; path = StepCell.swift; sourceTree = "<group>"; };
		B915AC9921D4A95900ED1035 /* DesignableLabel.swift */ = {isa = PBXFileReference; lastKnownFileType = sourcecode.swift; path = DesignableLabel.swift; sourceTree = "<group>"; };
		B915ACA021D4CA2400ED1035 /* ParchmentHomePageViewController.swift */ = {isa = PBXFileReference; fileEncoding = 4; lastKnownFileType = sourcecode.swift; path = ParchmentHomePageViewController.swift; sourceTree = "<group>"; };
		B915ACA121D4CA2400ED1035 /* UIView+constraints.swift */ = {isa = PBXFileReference; fileEncoding = 4; lastKnownFileType = sourcecode.swift; path = "UIView+constraints.swift"; sourceTree = "<group>"; };
		B915ACA221D4CA2400ED1035 /* ImageCollectionViewCell.swift */ = {isa = PBXFileReference; fileEncoding = 4; lastKnownFileType = sourcecode.swift; path = ImageCollectionViewCell.swift; sourceTree = "<group>"; };
		B915ACA321D4CA2400ED1035 /* ImagesViewController.swift */ = {isa = PBXFileReference; fileEncoding = 4; lastKnownFileType = sourcecode.swift; path = ImagesViewController.swift; sourceTree = "<group>"; };
		B915ACA421D4CA2400ED1035 /* ImageCollectionViewCell.xib */ = {isa = PBXFileReference; fileEncoding = 4; lastKnownFileType = file.xib; path = ImageCollectionViewCell.xib; sourceTree = "<group>"; };
		B915ACA621D4CA2400ED1035 /* ImagePagingCell.swift */ = {isa = PBXFileReference; fileEncoding = 4; lastKnownFileType = sourcecode.swift; path = ImagePagingCell.swift; sourceTree = "<group>"; };
		C9336CEB83FAE0378CD0A569 /* Pods-OmaniRecipeV1.1.release.xcconfig */ = {isa = PBXFileReference; includeInIndex = 1; lastKnownFileType = text.xcconfig; name = "Pods-OmaniRecipeV1.1.release.xcconfig"; path = "Pods/Target Support Files/Pods-OmaniRecipeV1.1/Pods-OmaniRecipeV1.1.release.xcconfig"; sourceTree = "<group>"; };
/* End PBXFileReference section */

/* Begin PBXFrameworksBuildPhase section */
		9DEEF84321C63E7200BDA720 /* Frameworks */ = {
			isa = PBXFrameworksBuildPhase;
			buildActionMask = 2147483647;
			files = (
				7C82B0A643572A36097542DD /* Pods_OmaniRecipeV1_1.framework in Frameworks */,
			);
			runOnlyForDeploymentPostprocessing = 0;
		};
/* End PBXFrameworksBuildPhase section */

/* Begin PBXGroup section */
		46AED4168FCEDB5C608ABD7E /* Pods */ = {
			isa = PBXGroup;
			children = (
				612C264FAA73960A1CF6978F /* Pods-OmaniRecipeV1.1.debug.xcconfig */,
				C9336CEB83FAE0378CD0A569 /* Pods-OmaniRecipeV1.1.release.xcconfig */,
			);
			name = Pods;
			sourceTree = "<group>";
		};
		9173D784FDE48F8C22621207 /* Frameworks */ = {
			isa = PBXGroup;
			children = (
				8E40CDF356E79175B21F35B6 /* Pods_OmaniRecipeV1_1.framework */,
			);
			name = Frameworks;
			sourceTree = "<group>";
		};
		9DC686F721CA2768003434AC /* Controllers */ = {
			isa = PBXGroup;
			children = (
				9DEEF84B21C63E7200BDA720 /* SignInViewController.swift */,
				9DEEF87E21C679AE00BDA720 /* SignUpViewController.swift */,
				9DC686FB21CA2B1F003434AC /* HomeViewController.swift */,
				9DC686F921CA2B1F003434AC /* LeftMenuViewController.swift */,
				9DC686F821CA2B1F003434AC /* RootViewController.swift */,
				9DC686FC21CA2B1F003434AC /* SecondViewController.swift */,
				B915AC7821D0E6BA00ED1035 /* RecipeClipperViewController.swift */,
				B915AC7121D0BDCF00ED1035 /* AddIngredientTableViewCell.swift */,
				B915AC7021D0BDCF00ED1035 /* AddStepTableViewCell.swift */,
				B915AC7621D0DF9200ED1035 /* RecipeProfile.swift */,
				B915AC7A21D21E2E00ED1035 /* AddRecipeViewController.swift */,
				B915AC7C21D21EEC00ED1035 /* AddIngredientsViewController.swift */,
				B915AC7E21D21EFC00ED1035 /* AddStepsViewController.swift */,
				B915AC8221D2B1CE00ED1035 /* ShowRecipeDetailsViewController.swift */,
			);
			path = Controllers;
			sourceTree = "<group>";
		};
		9DEEF83D21C63E7200BDA720 = {
			isa = PBXGroup;
			children = (
				9DEEF84821C63E7200BDA720 /* OmaniRecipeV1.1 */,
				9DEEF84721C63E7200BDA720 /* Products */,
				46AED4168FCEDB5C608ABD7E /* Pods */,
				9173D784FDE48F8C22621207 /* Frameworks */,
			);
			sourceTree = "<group>";
		};
		9DEEF84721C63E7200BDA720 /* Products */ = {
			isa = PBXGroup;
			children = (
				9DEEF84621C63E7200BDA720 /* OmaniRecipeV1.1.app */,
			);
			name = Products;
			sourceTree = "<group>";
		};
		9DEEF84821C63E7200BDA720 /* OmaniRecipeV1.1 */ = {
			isa = PBXGroup;
			children = (
				B915AC9F21D4C88F00ED1035 /* Parchment HomePage */,
				B915AC8421D37FA500ED1035 /* Show Recipe Details Cells */,
				9DEEF85B21C6571B00BDA720 /* UIDesignables */,
				9DC686F721CA2768003434AC /* Controllers */,
				9DEEF84921C63E7200BDA720 /* AppDelegate.swift */,
				9DEEF88221C67D7400BDA720 /* UserClass.swift */,
				9DEEF84D21C63E7200BDA720 /* Main.storyboard */,
				9DEEF85021C63E7600BDA720 /* Assets.xcassets */,
				9DEEF85221C63E7600BDA720 /* LaunchScreen.storyboard */,
				9DEEF88421C680AD00BDA720 /* GoogleService-Info.plist */,
				9DEEF85521C63E7600BDA720 /* Info.plist */,
			);
			path = OmaniRecipeV1.1;
			sourceTree = "<group>";
		};
		9DEEF85B21C6571B00BDA720 /* UIDesignables */ = {
			isa = PBXGroup;
			children = (
				9DEEF85C21C6571B00BDA720 /* DesignableTextField.swift */,
				9DEEF85E21C667C500BDA720 /* DesignableButton.swift */,
				B915AC8021D2A8E500ED1035 /* DesignableTextView.swift */,
				B915AC9921D4A95900ED1035 /* DesignableLabel.swift */,
			);
			path = UIDesignables;
			sourceTree = "<group>";
		};
		B915AC8421D37FA500ED1035 /* Show Recipe Details Cells */ = {
			isa = PBXGroup;
			children = (
				B915AC8C21D37FFC00ED1035 /* AboutCell.swift */,
				B915AC8721D37FFB00ED1035 /* AboutCell.xib */,
				B915AC8521D37FFB00ED1035 /* IngredientCell.swift */,
				B915AC8B21D37FFC00ED1035 /* IngredientCell.xib */,
				B915AC8A21D37FFB00ED1035 /* NamePictureCell.swift */,
				B915AC8821D37FFB00ED1035 /* NamePictureCell.xib */,
				B915AC8D21D37FFC00ED1035 /* ProfileModel.swift */,
				B915AC8621D37FFB00ED1035 /* ProfileViewModel.swift */,
				B915AC8E21D37FFC00ED1035 /* StepCell.swift */,
				B915AC8921D37FFB00ED1035 /* StepCell.xib */,
			);
			path = "Show Recipe Details Cells";
			sourceTree = "<group>";
		};
		B915AC9F21D4C88F00ED1035 /* Parchment HomePage */ = {
			isa = PBXGroup;
			children = (
				B915ACA221D4CA2400ED1035 /* ImageCollectionViewCell.swift */,
				B915ACA421D4CA2400ED1035 /* ImageCollectionViewCell.xib */,
				B915ACA621D4CA2400ED1035 /* ImagePagingCell.swift */,
				B915ACA321D4CA2400ED1035 /* ImagesViewController.swift */,
				B915ACA121D4CA2400ED1035 /* UIView+constraints.swift */,
				B915ACA021D4CA2400ED1035 /* ParchmentHomePageViewController.swift */,
			);
			path = "Parchment HomePage";
			sourceTree = "<group>";
		};
/* End PBXGroup section */

/* Begin PBXNativeTarget section */
		9DEEF84521C63E7200BDA720 /* OmaniRecipeV1.1 */ = {
			isa = PBXNativeTarget;
			buildConfigurationList = 9DEEF85821C63E7600BDA720 /* Build configuration list for PBXNativeTarget "OmaniRecipeV1.1" */;
			buildPhases = (
				1F4096ED58D4AC1E1A6BE121 /* [CP] Check Pods Manifest.lock */,
				9DEEF84221C63E7200BDA720 /* Sources */,
				9DEEF84321C63E7200BDA720 /* Frameworks */,
				9DEEF84421C63E7200BDA720 /* Resources */,
				5CC25AFFBFA7F79E0BE9AC96 /* [CP] Embed Pods Frameworks */,
			);
			buildRules = (
			);
			dependencies = (
			);
			name = OmaniRecipeV1.1;
			productName = OmaniRecipeV1.1;
			productReference = 9DEEF84621C63E7200BDA720 /* OmaniRecipeV1.1.app */;
			productType = "com.apple.product-type.application";
		};
/* End PBXNativeTarget section */

/* Begin PBXProject section */
		9DEEF83E21C63E7200BDA720 /* Project object */ = {
			isa = PBXProject;
			attributes = {
				LastSwiftUpdateCheck = 0940;
				LastUpgradeCheck = 0940;
				ORGANIZATIONNAME = ITA;
				TargetAttributes = {
					9DEEF84521C63E7200BDA720 = {
						CreatedOnToolsVersion = 9.4.1;
					};
				};
			};
			buildConfigurationList = 9DEEF84121C63E7200BDA720 /* Build configuration list for PBXProject "OmaniRecipeV1.1" */;
			compatibilityVersion = "Xcode 9.3";
			developmentRegion = en;
			hasScannedForEncodings = 0;
			knownRegions = (
				en,
				Base,
			);
			mainGroup = 9DEEF83D21C63E7200BDA720;
			productRefGroup = 9DEEF84721C63E7200BDA720 /* Products */;
			projectDirPath = "";
			projectRoot = "";
			targets = (
				9DEEF84521C63E7200BDA720 /* OmaniRecipeV1.1 */,
			);
		};
/* End PBXProject section */

/* Begin PBXResourcesBuildPhase section */
		9DEEF84421C63E7200BDA720 /* Resources */ = {
			isa = PBXResourcesBuildPhase;
			buildActionMask = 2147483647;
			files = (
				9DEEF85421C63E7600BDA720 /* LaunchScreen.storyboard in Resources */,
				9DEEF88521C680AD00BDA720 /* GoogleService-Info.plist in Resources */,
				B915AC9121D37FFC00ED1035 /* AboutCell.xib in Resources */,
				B915AC9321D37FFC00ED1035 /* StepCell.xib in Resources */,
				B915AC9521D37FFC00ED1035 /* IngredientCell.xib in Resources */,
				B915AC9221D37FFC00ED1035 /* NamePictureCell.xib in Resources */,
				9DEEF85121C63E7600BDA720 /* Assets.xcassets in Resources */,
				B915ACAB21D4CA2400ED1035 /* ImageCollectionViewCell.xib in Resources */,
				9DEEF84F21C63E7200BDA720 /* Main.storyboard in Resources */,
			);
			runOnlyForDeploymentPostprocessing = 0;
		};
/* End PBXResourcesBuildPhase section */

/* Begin PBXShellScriptBuildPhase section */
		1F4096ED58D4AC1E1A6BE121 /* [CP] Check Pods Manifest.lock */ = {
			isa = PBXShellScriptBuildPhase;
			buildActionMask = 2147483647;
			files = (
			);
			inputPaths = (
				"${PODS_PODFILE_DIR_PATH}/Podfile.lock",
				"${PODS_ROOT}/Manifest.lock",
			);
			name = "[CP] Check Pods Manifest.lock";
			outputPaths = (
				"$(DERIVED_FILE_DIR)/Pods-OmaniRecipeV1.1-checkManifestLockResult.txt",
			);
			runOnlyForDeploymentPostprocessing = 0;
			shellPath = /bin/sh;
			shellScript = "diff \"${PODS_PODFILE_DIR_PATH}/Podfile.lock\" \"${PODS_ROOT}/Manifest.lock\" > /dev/null\nif [ $? != 0 ] ; then\n    # print error to STDERR\n    echo \"error: The sandbox is not in sync with the Podfile.lock. Run 'pod install' or update your CocoaPods installation.\" >&2\n    exit 1\nfi\n# This output is used by Xcode 'outputs' to avoid re-running this script phase.\necho \"SUCCESS\" > \"${SCRIPT_OUTPUT_FILE_0}\"\n";
			showEnvVarsInLog = 0;
		};
		5CC25AFFBFA7F79E0BE9AC96 /* [CP] Embed Pods Frameworks */ = {
			isa = PBXShellScriptBuildPhase;
			buildActionMask = 2147483647;
			files = (
			);
			inputPaths = (
				"${SRCROOT}/Pods/Target Support Files/Pods-OmaniRecipeV1.1/Pods-OmaniRecipeV1.1-frameworks.sh",
				"${BUILT_PRODUCTS_DIR}/AKSideMenu/AKSideMenu.framework",
				"${BUILT_PRODUCTS_DIR}/GTMSessionFetcher/GTMSessionFetcher.framework",
				"${BUILT_PRODUCTS_DIR}/GoogleUtilities/GoogleUtilities.framework",
				"${BUILT_PRODUCTS_DIR}/Parchment/Parchment.framework",
				"${BUILT_PRODUCTS_DIR}/leveldb-library/leveldb.framework",
				"${BUILT_PRODUCTS_DIR}/nanopb/nanopb.framework",
			);
			name = "[CP] Embed Pods Frameworks";
			outputPaths = (
				"${TARGET_BUILD_DIR}/${FRAMEWORKS_FOLDER_PATH}/AKSideMenu.framework",
				"${TARGET_BUILD_DIR}/${FRAMEWORKS_FOLDER_PATH}/GTMSessionFetcher.framework",
				"${TARGET_BUILD_DIR}/${FRAMEWORKS_FOLDER_PATH}/GoogleUtilities.framework",
				"${TARGET_BUILD_DIR}/${FRAMEWORKS_FOLDER_PATH}/Parchment.framework",
				"${TARGET_BUILD_DIR}/${FRAMEWORKS_FOLDER_PATH}/leveldb.framework",
				"${TARGET_BUILD_DIR}/${FRAMEWORKS_FOLDER_PATH}/nanopb.framework",
			);
			runOnlyForDeploymentPostprocessing = 0;
			shellPath = /bin/sh;
			shellScript = "\"${SRCROOT}/Pods/Target Support Files/Pods-OmaniRecipeV1.1/Pods-OmaniRecipeV1.1-frameworks.sh\"\n";
			showEnvVarsInLog = 0;
		};
/* End PBXShellScriptBuildPhase section */

/* Begin PBXSourcesBuildPhase section */
		9DEEF84221C63E7200BDA720 /* Sources */ = {
			isa = PBXSourcesBuildPhase;
			buildActionMask = 2147483647;
			files = (
				B915ACAA21D4CA2400ED1035 /* ImagesViewController.swift in Sources */,
				9DC6870121CA2B1F003434AC /* SecondViewController.swift in Sources */,
				9DEEF84C21C63E7200BDA720 /* SignInViewController.swift in Sources */,
				9DEEF84A21C63E7200BDA720 /* AppDelegate.swift in Sources */,
				9DEEF85D21C6571B00BDA720 /* DesignableTextField.swift in Sources */,
				B915AC9A21D4A95900ED1035 /* DesignableLabel.swift in Sources */,
				B915AC7421D0BDD000ED1035 /* AddIngredientTableViewCell.swift in Sources */,
				B915AC7721D0DF9200ED1035 /* RecipeProfile.swift in Sources */,
				B915ACA821D4CA2400ED1035 /* UIView+constraints.swift in Sources */,
				B915ACAD21D4CA2400ED1035 /* ImagePagingCell.swift in Sources */,
				B915AC9021D37FFC00ED1035 /* ProfileViewModel.swift in Sources */,
				9DC686FD21CA2B1F003434AC /* RootViewController.swift in Sources */,
				B915AC8121D2A8E500ED1035 /* DesignableTextView.swift in Sources */,
				B915AC9421D37FFC00ED1035 /* NamePictureCell.swift in Sources */,
				B915AC7D21D21EEC00ED1035 /* AddIngredientsViewController.swift in Sources */,
				B915AC7F21D21EFC00ED1035 /* AddStepsViewController.swift in Sources */,
				B915ACA921D4CA2400ED1035 /* ImageCollectionViewCell.swift in Sources */,
				B915AC7921D0E6BB00ED1035 /* RecipeClipperViewController.swift in Sources */,
				B915AC7B21D21E2E00ED1035 /* AddRecipeViewController.swift in Sources */,
				B915AC9821D37FFC00ED1035 /* StepCell.swift in Sources */,
				B915AC9621D37FFC00ED1035 /* AboutCell.swift in Sources */,
				B915AC9721D37FFC00ED1035 /* ProfileModel.swift in Sources */,
				9DC6870021CA2B1F003434AC /* HomeViewController.swift in Sources */,
				9DEEF85F21C667C500BDA720 /* DesignableButton.swift in Sources */,
				9DEEF87F21C679AE00BDA720 /* SignUpViewController.swift in Sources */,
				B915ACA721D4CA2400ED1035 /* ParchmentHomePageViewController.swift in Sources */,
				9DC686FE21CA2B1F003434AC /* LeftMenuViewController.swift in Sources */,
				B915AC8F21D37FFC00ED1035 /* IngredientCell.swift in Sources */,
				9DEEF88321C67D7400BDA720 /* UserClass.swift in Sources */,
				B915AC8321D2B1CE00ED1035 /* ShowRecipeDetailsViewController.swift in Sources */,
				B915AC7321D0BDD000ED1035 /* AddStepTableViewCell.swift in Sources */,
			);
			runOnlyForDeploymentPostprocessing = 0;
		};
/* End PBXSourcesBuildPhase section */

/* Begin PBXVariantGroup section */
		9DEEF84D21C63E7200BDA720 /* Main.storyboard */ = {
			isa = PBXVariantGroup;
			children = (
				9DEEF84E21C63E7200BDA720 /* Base */,
			);
			name = Main.storyboard;
			sourceTree = "<group>";
		};
		9DEEF85221C63E7600BDA720 /* LaunchScreen.storyboard */ = {
			isa = PBXVariantGroup;
			children = (
				9DEEF85321C63E7600BDA720 /* Base */,
			);
			name = LaunchScreen.storyboard;
			sourceTree = "<group>";
		};
/* End PBXVariantGroup section */

/* Begin XCBuildConfiguration section */
		9DEEF85621C63E7600BDA720 /* Debug */ = {
			isa = XCBuildConfiguration;
			buildSettings = {
				ALWAYS_SEARCH_USER_PATHS = NO;
				CLANG_ANALYZER_NONNULL = YES;
				CLANG_ANALYZER_NUMBER_OBJECT_CONVERSION = YES_AGGRESSIVE;
				CLANG_CXX_LANGUAGE_STANDARD = "gnu++14";
				CLANG_CXX_LIBRARY = "libc++";
				CLANG_ENABLE_MODULES = YES;
				CLANG_ENABLE_OBJC_ARC = YES;
				CLANG_ENABLE_OBJC_WEAK = YES;
				CLANG_WARN_BLOCK_CAPTURE_AUTORELEASING = YES;
				CLANG_WARN_BOOL_CONVERSION = YES;
				CLANG_WARN_COMMA = YES;
				CLANG_WARN_CONSTANT_CONVERSION = YES;
				CLANG_WARN_DEPRECATED_OBJC_IMPLEMENTATIONS = YES;
				CLANG_WARN_DIRECT_OBJC_ISA_USAGE = YES_ERROR;
				CLANG_WARN_DOCUMENTATION_COMMENTS = YES;
				CLANG_WARN_EMPTY_BODY = YES;
				CLANG_WARN_ENUM_CONVERSION = YES;
				CLANG_WARN_INFINITE_RECURSION = YES;
				CLANG_WARN_INT_CONVERSION = YES;
				CLANG_WARN_NON_LITERAL_NULL_CONVERSION = YES;
				CLANG_WARN_OBJC_IMPLICIT_RETAIN_SELF = YES;
				CLANG_WARN_OBJC_LITERAL_CONVERSION = YES;
				CLANG_WARN_OBJC_ROOT_CLASS = YES_ERROR;
				CLANG_WARN_RANGE_LOOP_ANALYSIS = YES;
				CLANG_WARN_STRICT_PROTOTYPES = YES;
				CLANG_WARN_SUSPICIOUS_MOVE = YES;
				CLANG_WARN_UNGUARDED_AVAILABILITY = YES_AGGRESSIVE;
				CLANG_WARN_UNREACHABLE_CODE = YES;
				CLANG_WARN__DUPLICATE_METHOD_MATCH = YES;
				CODE_SIGN_IDENTITY = "iPhone Developer";
				COPY_PHASE_STRIP = NO;
				DEBUG_INFORMATION_FORMAT = dwarf;
				ENABLE_STRICT_OBJC_MSGSEND = YES;
				ENABLE_TESTABILITY = YES;
				GCC_C_LANGUAGE_STANDARD = gnu11;
				GCC_DYNAMIC_NO_PIC = NO;
				GCC_NO_COMMON_BLOCKS = YES;
				GCC_OPTIMIZATION_LEVEL = 0;
				GCC_PREPROCESSOR_DEFINITIONS = (
					"DEBUG=1",
					"$(inherited)",
				);
				GCC_WARN_64_TO_32_BIT_CONVERSION = YES;
				GCC_WARN_ABOUT_RETURN_TYPE = YES_ERROR;
				GCC_WARN_UNDECLARED_SELECTOR = YES;
				GCC_WARN_UNINITIALIZED_AUTOS = YES_AGGRESSIVE;
				GCC_WARN_UNUSED_FUNCTION = YES;
				GCC_WARN_UNUSED_VARIABLE = YES;
				IPHONEOS_DEPLOYMENT_TARGET = 11.4;
				MTL_ENABLE_DEBUG_INFO = YES;
				ONLY_ACTIVE_ARCH = YES;
				SDKROOT = iphoneos;
				SWIFT_ACTIVE_COMPILATION_CONDITIONS = DEBUG;
				SWIFT_OPTIMIZATION_LEVEL = "-Onone";
			};
			name = Debug;
		};
		9DEEF85721C63E7600BDA720 /* Release */ = {
			isa = XCBuildConfiguration;
			buildSettings = {
				ALWAYS_SEARCH_USER_PATHS = NO;
				CLANG_ANALYZER_NONNULL = YES;
				CLANG_ANALYZER_NUMBER_OBJECT_CONVERSION = YES_AGGRESSIVE;
				CLANG_CXX_LANGUAGE_STANDARD = "gnu++14";
				CLANG_CXX_LIBRARY = "libc++";
				CLANG_ENABLE_MODULES = YES;
				CLANG_ENABLE_OBJC_ARC = YES;
				CLANG_ENABLE_OBJC_WEAK = YES;
				CLANG_WARN_BLOCK_CAPTURE_AUTORELEASING = YES;
				CLANG_WARN_BOOL_CONVERSION = YES;
				CLANG_WARN_COMMA = YES;
				CLANG_WARN_CONSTANT_CONVERSION = YES;
				CLANG_WARN_DEPRECATED_OBJC_IMPLEMENTATIONS = YES;
				CLANG_WARN_DIRECT_OBJC_ISA_USAGE = YES_ERROR;
				CLANG_WARN_DOCUMENTATION_COMMENTS = YES;
				CLANG_WARN_EMPTY_BODY = YES;
				CLANG_WARN_ENUM_CONVERSION = YES;
				CLANG_WARN_INFINITE_RECURSION = YES;
				CLANG_WARN_INT_CONVERSION = YES;
				CLANG_WARN_NON_LITERAL_NULL_CONVERSION = YES;
				CLANG_WARN_OBJC_IMPLICIT_RETAIN_SELF = YES;
				CLANG_WARN_OBJC_LITERAL_CONVERSION = YES;
				CLANG_WARN_OBJC_ROOT_CLASS = YES_ERROR;
				CLANG_WARN_RANGE_LOOP_ANALYSIS = YES;
				CLANG_WARN_STRICT_PROTOTYPES = YES;
				CLANG_WARN_SUSPICIOUS_MOVE = YES;
				CLANG_WARN_UNGUARDED_AVAILABILITY = YES_AGGRESSIVE;
				CLANG_WARN_UNREACHABLE_CODE = YES;
				CLANG_WARN__DUPLICATE_METHOD_MATCH = YES;
				CODE_SIGN_IDENTITY = "iPhone Developer";
				COPY_PHASE_STRIP = NO;
				DEBUG_INFORMATION_FORMAT = "dwarf-with-dsym";
				ENABLE_NS_ASSERTIONS = NO;
				ENABLE_STRICT_OBJC_MSGSEND = YES;
				GCC_C_LANGUAGE_STANDARD = gnu11;
				GCC_NO_COMMON_BLOCKS = YES;
				GCC_WARN_64_TO_32_BIT_CONVERSION = YES;
				GCC_WARN_ABOUT_RETURN_TYPE = YES_ERROR;
				GCC_WARN_UNDECLARED_SELECTOR = YES;
				GCC_WARN_UNINITIALIZED_AUTOS = YES_AGGRESSIVE;
				GCC_WARN_UNUSED_FUNCTION = YES;
				GCC_WARN_UNUSED_VARIABLE = YES;
				IPHONEOS_DEPLOYMENT_TARGET = 11.4;
				MTL_ENABLE_DEBUG_INFO = NO;
				SDKROOT = iphoneos;
				SWIFT_COMPILATION_MODE = wholemodule;
				SWIFT_OPTIMIZATION_LEVEL = "-O";
				VALIDATE_PRODUCT = YES;
			};
			name = Release;
		};
		9DEEF85921C63E7600BDA720 /* Debug */ = {
			isa = XCBuildConfiguration;
			baseConfigurationReference = 612C264FAA73960A1CF6978F /* Pods-OmaniRecipeV1.1.debug.xcconfig */;
			buildSettings = {
				ASSETCATALOG_COMPILER_APPICON_NAME = AppIcon;
				CODE_SIGN_IDENTITY = "iPhone Developer";
				CODE_SIGN_STYLE = Manual;
				DEVELOPMENT_TEAM = "";
				INFOPLIST_FILE = OmaniRecipeV1.1/Info.plist;
				LD_RUNPATH_SEARCH_PATHS = (
					"$(inherited)",
					"@executable_path/Frameworks",
				);
				PRODUCT_BUNDLE_IDENTIFIER = com.training.OmaniRecipe;
				PRODUCT_NAME = "$(TARGET_NAME)";
				PROVISIONING_PROFILE_SPECIFIER = "";
				SWIFT_VERSION = 4.0;
				TARGETED_DEVICE_FAMILY = "1,2";
			};
			name = Debug;
		};
		9DEEF85A21C63E7600BDA720 /* Release */ = {
			isa = XCBuildConfiguration;
			baseConfigurationReference = C9336CEB83FAE0378CD0A569 /* Pods-OmaniRecipeV1.1.release.xcconfig */;
			buildSettings = {
				ASSETCATALOG_COMPILER_APPICON_NAME = AppIcon;
				CODE_SIGN_IDENTITY = "iPhone Developer";
				CODE_SIGN_STYLE = Manual;
				DEVELOPMENT_TEAM = "";
				INFOPLIST_FILE = OmaniRecipeV1.1/Info.plist;
				LD_RUNPATH_SEARCH_PATHS = (
					"$(inherited)",
					"@executable_path/Frameworks",
				);
				PRODUCT_BUNDLE_IDENTIFIER = com.training.OmaniRecipe;
				PRODUCT_NAME = "$(TARGET_NAME)";
				PROVISIONING_PROFILE_SPECIFIER = "";
				SWIFT_VERSION = 4.0;
				TARGETED_DEVICE_FAMILY = "1,2";
			};
			name = Release;
		};
/* End XCBuildConfiguration section */

/* Begin XCConfigurationList section */
		9DEEF84121C63E7200BDA720 /* Build configuration list for PBXProject "OmaniRecipeV1.1" */ = {
			isa = XCConfigurationList;
			buildConfigurations = (
				9DEEF85621C63E7600BDA720 /* Debug */,
				9DEEF85721C63E7600BDA720 /* Release */,
			);
			defaultConfigurationIsVisible = 0;
			defaultConfigurationName = Release;
		};
		9DEEF85821C63E7600BDA720 /* Build configuration list for PBXNativeTarget "OmaniRecipeV1.1" */ = {
			isa = XCConfigurationList;
			buildConfigurations = (
				9DEEF85921C63E7600BDA720 /* Debug */,
				9DEEF85A21C63E7600BDA720 /* Release */,
			);
			defaultConfigurationIsVisible = 0;
			defaultConfigurationName = Release;
		};
/* End XCConfigurationList section */
	};
	rootObject = 9DEEF83E21C63E7200BDA720 /* Project object */;
}
